
Microsoft Visual Studio Solution File, Format Version 12.00
# Visual Studio Version 17
VisualStudioVersion = 17.5.33516.290
MinimumVisualStudioVersion = 10.0.40219.1
Project("{FAE04EC0-301F-11D3-BF4B-00C04F79EFBC}") = "WebApp", "WebApp\WebApp.csproj", "{E88944D3-9044-4499-9F54-6FE831C96274}"
EndProject
Global
	GlobalSection(SolutionConfigurationPlatforms) = preSolution
		Debug|Any CPU = Debug|Any CPU
		Release|Any CPU = Release|Any CPU
	EndGlobalSection
	GlobalSection(ProjectConfigurationPlatforms) = postSolution
		{E88944D3-9044-4499-9F54-6FE831C96274}.Debug|Any CPU.ActiveCfg = Debug|Any CPU
		{E88944D3-9044-4499-9F54-6FE831C96274}.Debug|Any CPU.Build.0 = Debug|Any CPU
		{E88944D3-9044-4499-9F54-6FE831C96274}.Release|Any CPU.ActiveCfg = Release|Any CPU
		{E88944D3-9044-4499-9F54-6FE831C96274}.Release|Any CPU.Build.0 = Release|Any CPU
	EndGlobalSection
	GlobalSection(SolutionProperties) = preSolution
		HideSolutionNode = FALSE
	EndGlobalSection
	GlobalSection(ExtensibilityGlobals) = postSolution
		SolutionGuid = {0E2B5F0F-FA79-4299-BCF1-F55D51C3A650}
	EndGlobalSection
EndGlobal
